{
  "name": "gotham-template",
  "version": "2.0.0",
  "lockfileVersion": 1,
  "requires": true,
  "dependencies": {
    "bourbon": {
      "version": "5.1.0",
      "resolved": "https://registry.npmjs.org/bourbon/-/bourbon-5.1.0.tgz",
      "integrity": "sha512-rO4rwNAVNuzPmnL+DruxAe7DR2YFFo4nHsgDVRd9URMgDxtHmVBUnvFLXPan6teVe7jkybCyxcnR+CKClotj3g==",
      "dev": true
    },
    "bourbon-neat": {
      "version": "2.1.0",
      "resolved": "https://registry.npmjs.org/bourbon-neat/-/bourbon-neat-2.1.0.tgz",
      "integrity": "sha512-zJn8gEIIM2001F08WvX8WJJ24+8P+3i4J2EoaY5ohu4nU5PBak37w8x5jvPdHpoOnj6LwYMdddFlYkM+TvTAlA==",
      "dev": true
    }
  }
}
